
Microsoft Visual Studio Solution File, Format Version 12.00
# Visual Studio Version 17
VisualStudioVersion = 17.3.32804.467
MinimumVisualStudioVersion = 10.0.40219.1
Project("{9A19103F-16F7-4668-BE54-9A1E7A4F7556}") = "ControleContatos", "ControleContatos\ControleContatos.csproj", "{C5880636-19F8-4973-A0AA-EE020D3A2BB3}"
EndProject
Project("{2150E333-8FDC-42A3-9474-1A3956D46DE8}") = "Solution Items", "Solution Items", "{9984C65C-5D26-4BCC-8762-B21C03C0C192}"
	ProjectSection(SolutionItems) = preProject
		.editorconfig = .editorconfig
	EndProjectSection
EndProject
Global
	GlobalSection(SolutionConfigurationPlatforms) = preSolution
		Debug|Any CPU = Debug|Any CPU
		Release|Any CPU = Release|Any CPU
	EndGlobalSection
	GlobalSection(ProjectConfigurationPlatforms) = postSolution
		{C5880636-19F8-4973-A0AA-EE020D3A2BB3}.Debug|Any CPU.ActiveCfg = Debug|Any CPU
		{C5880636-19F8-4973-A0AA-EE020D3A2BB3}.Debug|Any CPU.Build.0 = Debug|Any CPU
		{C5880636-19F8-4973-A0AA-EE020D3A2BB3}.Release|Any CPU.ActiveCfg = Release|Any CPU
		{C5880636-19F8-4973-A0AA-EE020D3A2BB3}.Release|Any CPU.Build.0 = Release|Any CPU
	EndGlobalSection
	GlobalSection(SolutionProperties) = preSolution
		HideSolutionNode = FALSE
	EndGlobalSection
	GlobalSection(ExtensibilityGlobals) = postSolution
		SolutionGuid = {0393E690-4515-493B-B93A-FD622AEF7A1C}
	EndGlobalSection
EndGlobal
